// !$*UTF8*$!
{
	archiveVersion = 1;
	classes = {
	};
	objectVersion = 46;
	objects = {

/* Begin PBXBuildFile section */
		18A006D51C059510004ED4B3 /* AppDelegate.swift in Sources */ = {isa = PBXBuildFile; fileRef = 18A006D41C059510004ED4B3 /* AppDelegate.swift */; };
		18A006DC1C059510004ED4B3 /* Assets.xcassets in Resources */ = {isa = PBXBuildFile; fileRef = 18A006DB1C059510004ED4B3 /* Assets.xcassets */; };
		18A006DF1C059510004ED4B3 /* LaunchScreen.storyboard in Resources */ = {isa = PBXBuildFile; fileRef = 18A006DD1C059510004ED4B3 /* LaunchScreen.storyboard */; };
		18A006EA1C059510004ED4B3 /* HomePwnerTests.swift in Sources */ = {isa = PBXBuildFile; fileRef = 18A006E91C059510004ED4B3 /* HomePwnerTests.swift */; };
		18A006F51C059510004ED4B3 /* HomePwnerUITests.swift in Sources */ = {isa = PBXBuildFile; fileRef = 18A006F41C059510004ED4B3 /* HomePwnerUITests.swift */; };
		18A007031C0663D5004ED4B3 /* ItemsTableViewController.swift in Sources */ = {isa = PBXBuildFile; fileRef = 18A007021C0663D5004ED4B3 /* ItemsTableViewController.swift */; };
		18A007091C0CFFD4004ED4B3 /* ItemStore.swift in Sources */ = {isa = PBXBuildFile; fileRef = 18A007081C0CFFD4004ED4B3 /* ItemStore.swift */; };
/* End PBXBuildFile section */

/* Begin PBXContainerItemProxy section */
		18A006E61C059510004ED4B3 /* PBXContainerItemProxy */ = {
			isa = PBXContainerItemProxy;
			containerPortal = 18A006C91C059510004ED4B3 /* Project object */;
			proxyType = 1;
			remoteGlobalIDString = 18A006D01C059510004ED4B3;
			remoteInfo = HomePwner;
		};
		18A006F11C059510004ED4B3 /* PBXContainerItemProxy */ = {
			isa = PBXContainerItemProxy;
			containerPortal = 18A006C91C059510004ED4B3 /* Project object */;
			proxyType = 1;
			remoteGlobalIDString = 18A006D01C059510004ED4B3;
			remoteInfo = HomePwner;
		};
/* End PBXContainerItemProxy section */

/* Begin PBXFileReference section */
		18A006D11C059510004ED4B3 /* HomePwner.app */ = {isa = PBXFileReference; explicitFileType = wrapper.application; includeInIndex = 0; path = HomePwner.app; sourceTree = BUILT_PRODUCTS_DIR; };
		18A006D41C059510004ED4B3 /* AppDelegate.swift */ = {isa = PBXFileReference; lastKnownFileType = sourcecode.swift; path = AppDelegate.swift; sourceTree = "<group>"; };
		18A006DB1C059510004ED4B3 /* Assets.xcassets */ = {isa = PBXFileReference; lastKnownFileType = folder.assetcatalog; path = Assets.xcassets; sourceTree = "<group>"; };
		18A006DE1C059510004ED4B3 /* Base */ = {isa = PBXFileReference; lastKnownFileType = file.storyboard; name = Base; path = Base.lproj/LaunchScreen.storyboard; sourceTree = "<group>"; };
		18A006E01C059510004ED4B3 /* Info.plist */ = {isa = PBXFileReference; lastKnownFileType = text.plist.xml; path = Info.plist; sourceTree = "<group>"; };
		18A006E51C059510004ED4B3 /* HomePwnerTests.xctest */ = {isa = PBXFileReference; explicitFileType = wrapper.cfbundle; includeInIndex = 0; path = HomePwnerTests.xctest; sourceTree = BUILT_PRODUCTS_DIR; };
		18A006E91C059510004ED4B3 /* HomePwnerTests.swift */ = {isa = PBXFileReference; lastKnownFileType = sourcecode.swift; path = HomePwnerTests.swift; sourceTree = "<group>"; };
		18A006EB1C059510004ED4B3 /* Info.plist */ = {isa = PBXFileReference; lastKnownFileType = text.plist.xml; path = Info.plist; sourceTree = "<group>"; };
		18A006F01C059510004ED4B3 /* HomePwnerUITests.xctest */ = {isa = PBXFileReference; explicitFileType = wrapper.cfbundle; includeInIndex = 0; path = HomePwnerUITests.xctest; sourceTree = BUILT_PRODUCTS_DIR; };
		18A006F41C059510004ED4B3 /* HomePwnerUITests.swift */ = {isa = PBXFileReference; lastKnownFileType = sourcecode.swift; path = HomePwnerUITests.swift; sourceTree = "<group>"; };
		18A006F61C059510004ED4B3 /* Info.plist */ = {isa = PBXFileReference; lastKnownFileType = text.plist.xml; path = Info.plist; sourceTree = "<group>"; };
		18A007021C0663D5004ED4B3 /* ItemsTableViewController.swift */ = {isa = PBXFileReference; fileEncoding = 4; lastKnownFileType = sourcecode.swift; path = ItemsTableViewController.swift; sourceTree = "<group>"; };
		18A007081C0CFFD4004ED4B3 /* ItemStore.swift */ = {isa = PBXFileReference; fileEncoding = 4; lastKnownFileType = sourcecode.swift; path = ItemStore.swift; sourceTree = "<group>"; };
/* End PBXFileReference section */

/* Begin PBXFrameworksBuildPhase section */
		18A006CE1C059510004ED4B3 /* Frameworks */ = {
			isa = PBXFrameworksBuildPhase;
			buildActionMask = 2147483647;
			files = (
			);
			runOnlyForDeploymentPostprocessing = 0;
		};
		18A006E21C059510004ED4B3 /* Frameworks */ = {
			isa = PBXFrameworksBuildPhase;
			buildActionMask = 2147483647;
			files = (
			);
			runOnlyForDeploymentPostprocessing = 0;
		};
		18A006ED1C059510004ED4B3 /* Frameworks */ = {
			isa = PBXFrameworksBuildPhase;
			buildActionMask = 2147483647;
			files = (
			);
			runOnlyForDeploymentPostprocessing = 0;
		};
/* End PBXFrameworksBuildPhase section */

/* Begin PBXGroup section */
		18A006C81C059510004ED4B3 = {
			isa = PBXGroup;
			children = (
				18A006D31C059510004ED4B3 /* HomePwner */,
				18A006E81C059510004ED4B3 /* HomePwnerTests */,
				18A006F31C059510004ED4B3 /* HomePwnerUITests */,
				18A006D21C059510004ED4B3 /* Products */,
			);
			sourceTree = "<group>";
		};
		18A006D21C059510004ED4B3 /* Products */ = {
			isa = PBXGroup;
			children = (
				18A006D11C059510004ED4B3 /* HomePwner.app */,
				18A006E51C059510004ED4B3 /* HomePwnerTests.xctest */,
				18A006F01C059510004ED4B3 /* HomePwnerUITests.xctest */,
			);
			name = Products;
			sourceTree = "<group>";
		};
		18A006D31C059510004ED4B3 /* HomePwner */ = {
			isa = PBXGroup;
			children = (
				18A006E01C059510004ED4B3 /* Info.plist */,
				18A006D41C059510004ED4B3 /* AppDelegate.swift */,
				18A007021C0663D5004ED4B3 /* ItemsTableViewController.swift */,
				18A006DB1C059510004ED4B3 /* Assets.xcassets */,
				18A006DD1C059510004ED4B3 /* LaunchScreen.storyboard */,
				18A007081C0CFFD4004ED4B3 /* ItemStore.swift */,
			);
			path = HomePwner;
			sourceTree = "<group>";
		};
		18A006E81C059510004ED4B3 /* HomePwnerTests */ = {
			isa = PBXGroup;
			children = (
				18A006E91C059510004ED4B3 /* HomePwnerTests.swift */,
				18A006EB1C059510004ED4B3 /* Info.plist */,
			);
			path = HomePwnerTests;
			sourceTree = "<group>";
		};
		18A006F31C059510004ED4B3 /* HomePwnerUITests */ = {
			isa = PBXGroup;
			children = (
				18A006F41C059510004ED4B3 /* HomePwnerUITests.swift */,
				18A006F61C059510004ED4B3 /* Info.plist */,
			);
			path = HomePwnerUITests;
			sourceTree = "<group>";
		};
/* End PBXGroup section */

/* Begin PBXNativeTarget section */
		18A006D01C059510004ED4B3 /* HomePwner */ = {
			isa = PBXNativeTarget;
			buildConfigurationList = 18A006F91C059510004ED4B3 /* Build configuration list for PBXNativeTarget "HomePwner" */;
			buildPhases = (
				18A006CD1C059510004ED4B3 /* Sources */,
				18A006CE1C059510004ED4B3 /* Frameworks */,
				18A006CF1C059510004ED4B3 /* Resources */,
			);
			buildRules = (
			);
			dependencies = (
			);
			name = HomePwner;
			productName = HomePwner;
			productReference = 18A006D11C059510004ED4B3 /* HomePwner.app */;
			productType = "com.apple.product-type.application";
		};
		18A006E41C059510004ED4B3 /* HomePwnerTests */ = {
			isa = PBXNativeTarget;
			buildConfigurationList = 18A006FC1C059510004ED4B3 /* Build configuration list for PBXNativeTarget "HomePwnerTests" */;
			buildPhases = (
				18A006E11C059510004ED4B3 /* Sources */,
				18A006E21C059510004ED4B3 /* Frameworks */,
				18A006E31C059510004ED4B3 /* Resources */,
			);
			buildRules = (
			);
			dependencies = (
				18A006E71C059510004ED4B3 /* PBXTargetDependency */,
			);
			name = HomePwnerTests;
			productName = HomePwnerTests;
			productReference = 18A006E51C059510004ED4B3 /* HomePwnerTests.xctest */;
			productType = "com.apple.product-type.bundle.unit-test";
		};
		18A006EF1C059510004ED4B3 /* HomePwnerUITests */ = {
			isa = PBXNativeTarget;
			buildConfigurationList = 18A006FF1C059510004ED4B3 /* Build configuration list for PBXNativeTarget "HomePwnerUITests" */;
			buildPhases = (
				18A006EC1C059510004ED4B3 /* Sources */,
				18A006ED1C059510004ED4B3 /* Frameworks */,
				18A006EE1C059510004ED4B3 /* Resources */,
			);
			buildRules = (
			);
			dependencies = (
				18A006F21C059510004ED4B3 /* PBXTargetDependency */,
			);
			name = HomePwnerUITests;
			productName = HomePwnerUITests;
			productReference = 18A006F01C059510004ED4B3 /* HomePwnerUITests.xctest */;
			productType = "com.apple.product-type.bundle.ui-testing";
		};
/* End PBXNativeTarget section */

/* Begin PBXProject section */
		18A006C91C059510004ED4B3 /* Project object */ = {
			isa = PBXProject;
			attributes = {
				LastSwiftUpdateCheck = 0710;
				LastUpgradeCheck = 0710;
				ORGANIZATIONNAME = "Big Nerd Ranch";
				TargetAttributes = {
					18A006D01C059510004ED4B3 = {
						CreatedOnToolsVersion = 7.1.1;
						DevelopmentTeam = 2LJ6NU7GDJ;
					};
					18A006E41C059510004ED4B3 = {
						CreatedOnToolsVersion = 7.1.1;
						DevelopmentTeam = 2LJ6NU7GDJ;
						TestTargetID = 18A006D01C059510004ED4B3;
					};
					18A006EF1C059510004ED4B3 = {
						CreatedOnToolsVersion = 7.1.1;
						DevelopmentTeam = 2LJ6NU7GDJ;
						TestTargetID = 18A006D01C059510004ED4B3;
					};
				};
			};
			buildConfigurationList = 18A006CC1C059510004ED4B3 /* Build configuration list for PBXProject "HomePwner" */;
			compatibilityVersion = "Xcode 3.2";
			developmentRegion = English;
			hasScannedForEncodings = 0;
			knownRegions = (
				en,
				Base,
			);
			mainGroup = 18A006C81C059510004ED4B3;
			productRefGroup = 18A006D21C059510004ED4B3 /* Products */;
			projectDirPath = "";
			projectRoot = "";
			targets = (
				18A006D01C059510004ED4B3 /* HomePwner */,
				18A006E41C059510004ED4B3 /* HomePwnerTests */,
				18A006EF1C059510004ED4B3 /* HomePwnerUITests */,
			);
		};
/* End PBXProject section */

/* Begin PBXResourcesBuildPhase section */
		18A006CF1C059510004ED4B3 /* Resources */ = {
			isa = PBXResourcesBuildPhase;
			buildActionMask = 2147483647;
			files = (
				18A006DF1C059510004ED4B3 /* LaunchScreen.storyboard in Resources */,
				18A006DC1C059510004ED4B3 /* Assets.xcassets in Resources */,
			);
			runOnlyForDeploymentPostprocessing = 0;
		};
		18A006E31C059510004ED4B3 /* Resources */ = {
			isa = PBXResourcesBuildPhase;
			buildActionMask = 2147483647;
			files = (
			);
			runOnlyForDeploymentPostprocessing = 0;
		};
		18A006EE1C059510004ED4B3 /* Resources */ = {
			isa = PBXResourcesBuildPhase;
			buildActionMask = 2147483647;
			files = (
			);
			runOnlyForDeploymentPostprocessing = 0;
		};
/* End PBXResourcesBuildPhase section */

/* Begin PBXSourcesBuildPhase section */
		18A006CD1C059510004ED4B3 /* Sources */ = {
			isa = PBXSourcesBuildPhase;
			buildActionMask = 2147483647;
			files = (
				18A007031C0663D5004ED4B3 /* ItemsTableViewController.swift in Sources */,
				18A007091C0CFFD4004ED4B3 /* ItemStore.swift in Sources */,
				18A006D51C059510004ED4B3 /* AppDelegate.swift in Sources */,
			);
			runOnlyForDeploymentPostprocessing = 0;
		};
		18A006E11C059510004ED4B3 /* Sources */ = {
			isa = PBXSourcesBuildPhase;
			buildActionMask = 2147483647;
			files = (
				18A006EA1C059510004ED4B3 /* HomePwnerTests.swift in Sources */,
			);
			runOnlyForDeploymentPostprocessing = 0;
		};
		18A006EC1C059510004ED4B3 /* Sources */ = {
			isa = PBXSourcesBuildPhase;
			buildActionMask = 2147483647;
			files = (
				18A006F51C059510004ED4B3 /* HomePwnerUITests.swift in Sources */,
			);
			runOnlyForDeploymentPostprocessing = 0;
		};
/* End PBXSourcesBuildPhase section */

/* Begin PBXTargetDependency section */
		18A006E71C059510004ED4B3 /* PBXTargetDependency */ = {
			isa = PBXTargetDependency;
			target = 18A006D01C059510004ED4B3 /* HomePwner */;
			targetProxy = 18A006E61C059510004ED4B3 /* PBXContainerItemProxy */;
		};
		18A006F21C059510004ED4B3 /* PBXTargetDependency */ = {
			isa = PBXTargetDependency;
			target = 18A006D01C059510004ED4B3 /* HomePwner */;
			targetProxy = 18A006F11C059510004ED4B3 /* PBXContainerItemProxy */;
		};
/* End PBXTargetDependency section */

/* Begin PBXVariantGroup section */
		18A006DD1C059510004ED4B3 /* LaunchScreen.storyboard */ = {
			isa = PBXVariantGroup;
			children = (
				18A006DE1C059510004ED4B3 /* Base */,
			);
			name = LaunchScreen.storyboard;
			sourceTree = "<group>";
		};
/* End PBXVariantGroup section */

/* Begin XCBuildConfiguration section */
		18A006F71C059510004ED4B3 /* Debug */ = {
			isa = XCBuildConfiguration;
			buildSettings = {
				ALWAYS_SEARCH_USER_PATHS = NO;
				CLANG_CXX_LANGUAGE_STANDARD = "gnu++0x";
				CLANG_CXX_LIBRARY = "libc++";
				CLANG_ENABLE_MODULES = YES;
				CLANG_ENABLE_OBJC_ARC = YES;
				CLANG_WARN_BOOL_CONVERSION = YES;
				CLANG_WARN_CONSTANT_CONVERSION = YES;
				CLANG_WARN_DIRECT_OBJC_ISA_USAGE = YES_ERROR;
				CLANG_WARN_EMPTY_BODY = YES;
				CLANG_WARN_ENUM_CONVERSION = YES;
				CLANG_WARN_INT_CONVERSION = YES;
				CLANG_WARN_OBJC_ROOT_CLASS = YES_ERROR;
				CLANG_WARN_UNREACHABLE_CODE = YES;
				CLANG_WARN__DUPLICATE_METHOD_MATCH = YES;
				"CODE_SIGN_IDENTITY[sdk=iphoneos*]" = "iPhone Developer";
				COPY_PHASE_STRIP = NO;
				DEBUG_INFORMATION_FORMAT = dwarf;
				ENABLE_STRICT_OBJC_MSGSEND = YES;
				ENABLE_TESTABILITY = YES;
				GCC_C_LANGUAGE_STANDARD = gnu99;
				GCC_DYNAMIC_NO_PIC = NO;
				GCC_NO_COMMON_BLOCKS = YES;
				GCC_OPTIMIZATION_LEVEL = 0;
				GCC_PREPROCESSOR_DEFINITIONS = (
					"DEBUG=1",
					"$(inherited)",
				);
				GCC_WARN_64_TO_32_BIT_CONVERSION = YES;
				GCC_WARN_ABOUT_RETURN_TYPE = YES_ERROR;
				GCC_WARN_UNDECLARED_SELECTOR = YES;
				GCC_WARN_UNINITIALIZED_AUTOS = YES_AGGRESSIVE;
				GCC_WARN_UNUSED_FUNCTION = YES;
				GCC_WARN_UNUSED_VARIABLE = YES;
				IPHONEOS_DEPLOYMENT_TARGET = 9.1;
				MTL_ENABLE_DEBUG_INFO = YES;
				ONLY_ACTIVE_ARCH = YES;
				SDKROOT = iphoneos;
				SWIFT_OPTIMIZATION_LEVEL = "-Onone";
				TARGETED_DEVICE_FAMILY = "1,2";
			};
			name = Debug;
		};
		18A006F81C059510004ED4B3 /* Release */ = {
			isa = XCBuildConfiguration;
			buildSettings = {
				ALWAYS_SEARCH_USER_PATHS = NO;
				CLANG_CXX_LANGUAGE_STANDARD = "gnu++0x";
				CLANG_CXX_LIBRARY = "libc++";
				CLANG_ENABLE_MODULES = YES;
				CLANG_ENABLE_OBJC_ARC = YES;
				CLANG_WARN_BOOL_CONVERSION = YES;
				CLANG_WARN_CONSTANT_CONVERSION = YES;
				CLANG_WARN_DIRECT_OBJC_ISA_USAGE = YES_ERROR;
				CLANG_WARN_EMPTY_BODY = YES;
				CLANG_WARN_ENUM_CONVERSION = YES;
				CLANG_WARN_INT_CONVERSION = YES;
				CLANG_WARN_OBJC_ROOT_CLASS = YES_ERROR;
				CLANG_WARN_UNREACHABLE_CODE = YES;
				CLANG_WARN__DUPLICATE_METHOD_MATCH = YES;
				"CODE_SIGN_IDENTITY[sdk=iphoneos*]" = "iPhone Developer";
				COPY_PHASE_STRIP = NO;
				DEBUG_INFORMATION_FORMAT = "dwarf-with-dsym";
				ENABLE_NS_ASSERTIONS = NO;
				ENABLE_STRICT_OBJC_MSGSEND = YES;
				GCC_C_LANGUAGE_STANDARD = gnu99;
				GCC_NO_COMMON_BLOCKS = YES;
				GCC_WARN_64_TO_32_BIT_CONVERSION = YES;
				GCC_WARN_ABOUT_RETURN_TYPE = YES_ERROR;
				GCC_WARN_UNDECLARED_SELECTOR = YES;
				GCC_WARN_UNINITIALIZED_AUTOS = YES_AGGRESSIVE;
				GCC_WARN_UNUSED_FUNCTION = YES;
				GCC_WARN_UNUSED_VARIABLE = YES;
				IPHONEOS_DEPLOYMENT_TARGET = 9.1;
				MTL_ENABLE_DEBUG_INFO = NO;
				SDKROOT = iphoneos;
				TARGETED_DEVICE_FAMILY = "1,2";
				VALIDATE_PRODUCT = YES;
			};
			name = Release;
		};
		18A006FA1C059510004ED4B3 /* Debug */ = {
			isa = XCBuildConfiguration;
			buildSettings = {
				ASSETCATALOG_COMPILER_APPICON_NAME = AppIcon;
				INFOPLIST_FILE = HomePwner/Info.plist;
				LD_RUNPATH_SEARCH_PATHS = "$(inherited) @executable_path/Frameworks";
				PRODUCT_BUNDLE_IDENTIFIER = com.bignerdranch.HomePwner;
				PRODUCT_NAME = "$(TARGET_NAME)";
			};
			name = Debug;
		};
		18A006FB1C059510004ED4B3 /* Release */ = {
			isa = XCBuildConfiguration;
			buildSettings = {
				ASSETCATALOG_COMPILER_APPICON_NAME = AppIcon;
				INFOPLIST_FILE = HomePwner/Info.plist;
				LD_RUNPATH_SEARCH_PATHS = "$(inherited) @executable_path/Frameworks";
				PRODUCT_BUNDLE_IDENTIFIER = com.bignerdranch.HomePwner;
				PRODUCT_NAME = "$(TARGET_NAME)";
			};
			name = Release;
		};
		18A006FD1C059510004ED4B3 /* Debug */ = {
			isa = XCBuildConfiguration;
			buildSettings = {
				BUNDLE_LOADER = "$(TEST_HOST)";
				INFOPLIST_FILE = HomePwnerTests/Info.plist;
				LD_RUNPATH_SEARCH_PATHS = "$(inherited) @executable_path/Frameworks @loader_path/Frameworks";
				PRODUCT_BUNDLE_IDENTIFIER = com.bignerdranch.HomePwnerTests;
				PRODUCT_NAME = "$(TARGET_NAME)";
				TEST_HOST = "$(BUILT_PRODUCTS_DIR)/HomePwner.app/HomePwner";
			};
			name = Debug;
		};
		18A006FE1C059510004ED4B3 /* Release */ = {
			isa = XCBuildConfiguration;
			buildSettings = {
				BUNDLE_LOADER = "$(TEST_HOST)";
				INFOPLIST_FILE = HomePwnerTests/Info.plist;
				LD_RUNPATH_SEARCH_PATHS = "$(inherited) @executable_path/Frameworks @loader_path/Frameworks";
				PRODUCT_BUNDLE_IDENTIFIER = com.bignerdranch.HomePwnerTests;
				PRODUCT_NAME = "$(TARGET_NAME)";
				TEST_HOST = "$(BUILT_PRODUCTS_DIR)/HomePwner.app/HomePwner";
			};
			name = Release;
		};
		18A007001C059510004ED4B3 /* Debug */ = {
			isa = XCBuildConfiguration;
			buildSettings = {
				INFOPLIST_FILE = HomePwnerUITests/Info.plist;
				LD_RUNPATH_SEARCH_PATHS = "$(inherited) @executable_path/Frameworks @loader_path/Frameworks";
				PRODUCT_BUNDLE_IDENTIFIER = com.bignerdranch.HomePwnerUITests;
				PRODUCT_NAME = "$(TARGET_NAME)";
				TEST_TARGET_NAME = HomePwner;
				USES_XCTRUNNER = YES;
			};
			name = Debug;
		};
		18A007011C059510004ED4B3 /* Release */ = {
			isa = XCBuildConfiguration;
			buildSettings = {
				INFOPLIST_FILE = HomePwnerUITests/Info.plist;
				LD_RUNPATH_SEARCH_PATHS = "$(inherited) @executable_path/Frameworks @loader_path/Frameworks";
				PRODUCT_BUNDLE_IDENTIFIER = com.bignerdranch.HomePwnerUITests;
				PRODUCT_NAME = "$(TARGET_NAME)";
				TEST_TARGET_NAME = HomePwner;
				USES_XCTRUNNER = YES;
			};
			name = Release;
		};
/* End XCBuildConfiguration section */

/* Begin XCConfigurationList section */
		18A006CC1C059510004ED4B3 /* Build configuration list for PBXProject "HomePwner" */ = {
			isa = XCConfigurationList;
			buildConfigurations = (
				18A006F71C059510004ED4B3 /* Debug */,
				18A006F81C059510004ED4B3 /* Release */,
			);
			defaultConfigurationIsVisible = 0;
			defaultConfigurationName = Release;
		};
		18A006F91C059510004ED4B3 /* Build configuration list for PBXNativeTarget "HomePwner" */ = {
			isa = XCConfigurationList;
			buildConfigurations = (
				18A006FA1C059510004ED4B3 /* Debug */,
				18A006FB1C059510004ED4B3 /* Release */,
			);
			defaultConfigurationIsVisible = 0;
			defaultConfigurationName = Release;
		};
		18A006FC1C059510004ED4B3 /* Build configuration list for PBXNativeTarget "HomePwnerTests" */ = {
			isa = XCConfigurationList;
			buildConfigurations = (
				18A006FD1C059510004ED4B3 /* Debug */,
				18A006FE1C059510004ED4B3 /* Release */,
			);
			defaultConfigurationIsVisible = 0;
			defaultConfigurationName = Release;
		};
		18A006FF1C059510004ED4B3 /* Build configuration list for PBXNativeTarget "HomePwnerUITests" */ = {
			isa = XCConfigurationList;
			buildConfigurations = (
				18A007001C059510004ED4B3 /* Debug */,
				18A007011C059510004ED4B3 /* Release */,
			);
			defaultConfigurationIsVisible = 0;
			defaultConfigurationName = Release;
		};
/* End XCConfigurationList section */
	};
	rootObject = 18A006C91C059510004ED4B3 /* Project object */;
}
